// !$*UTF8*$!
{
	archiveVersion = 1;
	classes = {
	};
	objectVersion = 50;
	objects = {

/* Begin PBXBuildFile section */
		286590F621049201008323B3 /* AppDelegate.swift in Sources */ = {isa = PBXBuildFile; fileRef = 286590F521049201008323B3 /* AppDelegate.swift */; };
		286590F821049201008323B3 /* LaunchScreenViewController.swift in Sources */ = {isa = PBXBuildFile; fileRef = 286590F721049201008323B3 /* LaunchScreenViewController.swift */; };
		286590FB21049201008323B3 /* Main.storyboard in Resources */ = {isa = PBXBuildFile; fileRef = 286590F921049201008323B3 /* Main.storyboard */; };
		286590FD21049201008323B3 /* Assets.xcassets in Resources */ = {isa = PBXBuildFile; fileRef = 286590FC21049201008323B3 /* Assets.xcassets */; };
		2865910021049201008323B3 /* LaunchScreen.storyboard in Resources */ = {isa = PBXBuildFile; fileRef = 286590FE21049201008323B3 /* LaunchScreen.storyboard */; };
		2865910B21049201008323B3 /* DoJMATests.swift in Sources */ = {isa = PBXBuildFile; fileRef = 2865910A21049201008323B3 /* DoJMATests.swift */; };
		2865911621049201008323B3 /* DoJMAUITests.swift in Sources */ = {isa = PBXBuildFile; fileRef = 2865911521049201008323B3 /* DoJMAUITests.swift */; };
		289D24FE2122B0C0006A9529 /* EventsViewController.swift in Sources */ = {isa = PBXBuildFile; fileRef = 289D24FD2122B0C0006A9529 /* EventsViewController.swift */; };
		3E1CCF04E72821827E89D587 /* Pods_DoJMAUITests.framework in Frameworks */ = {isa = PBXBuildFile; fileRef = 2BE9B00D566A1F5D3020D3ED /* Pods_DoJMAUITests.framework */; };
		8DE90B36F06A595DF47D5E06 /* Pods_DoJMA.framework in Frameworks */ = {isa = PBXBuildFile; fileRef = B9450062AA91B2A2253DDEC1 /* Pods_DoJMA.framework */; };
		954D110875961D5534FE8C82 /* Pods_DoJMATests.framework in Frameworks */ = {isa = PBXBuildFile; fileRef = 5C6280356641D6BF8080DE9A /* Pods_DoJMATests.framework */; };
/* End PBXBuildFile section */

/* Begin PBXContainerItemProxy section */
		2865910721049201008323B3 /* PBXContainerItemProxy */ = {
			isa = PBXContainerItemProxy;
			containerPortal = 286590EA21049201008323B3 /* Project object */;
			proxyType = 1;
			remoteGlobalIDString = 286590F121049201008323B3;
			remoteInfo = DoJMA;
		};
		2865911221049201008323B3 /* PBXContainerItemProxy */ = {
			isa = PBXContainerItemProxy;
			containerPortal = 286590EA21049201008323B3 /* Project object */;
			proxyType = 1;
			remoteGlobalIDString = 286590F121049201008323B3;
			remoteInfo = DoJMA;
		};
/* End PBXContainerItemProxy section */

/* Begin PBXFileReference section */
		286590F221049201008323B3 /* DoJMA.app */ = {isa = PBXFileReference; explicitFileType = wrapper.application; includeInIndex = 0; path = DoJMA.app; sourceTree = BUILT_PRODUCTS_DIR; };
		286590F521049201008323B3 /* AppDelegate.swift */ = {isa = PBXFileReference; lastKnownFileType = sourcecode.swift; path = AppDelegate.swift; sourceTree = "<group>"; };
		286590F721049201008323B3 /* LaunchScreenViewController.swift */ = {isa = PBXFileReference; lastKnownFileType = sourcecode.swift; path = LaunchScreenViewController.swift; sourceTree = "<group>"; };
		286590FA21049201008323B3 /* Base */ = {isa = PBXFileReference; lastKnownFileType = file.storyboard; name = Base; path = Base.lproj/Main.storyboard; sourceTree = "<group>"; };
		286590FC21049201008323B3 /* Assets.xcassets */ = {isa = PBXFileReference; lastKnownFileType = folder.assetcatalog; path = Assets.xcassets; sourceTree = "<group>"; };
		286590FF21049201008323B3 /* Base */ = {isa = PBXFileReference; lastKnownFileType = file.storyboard; name = Base; path = Base.lproj/LaunchScreen.storyboard; sourceTree = "<group>"; };
		2865910121049201008323B3 /* Info.plist */ = {isa = PBXFileReference; lastKnownFileType = text.plist.xml; path = Info.plist; sourceTree = "<group>"; };
		2865910621049201008323B3 /* DoJMATests.xctest */ = {isa = PBXFileReference; explicitFileType = wrapper.cfbundle; includeInIndex = 0; path = DoJMATests.xctest; sourceTree = BUILT_PRODUCTS_DIR; };
		2865910A21049201008323B3 /* DoJMATests.swift */ = {isa = PBXFileReference; lastKnownFileType = sourcecode.swift; path = DoJMATests.swift; sourceTree = "<group>"; };
		2865910C21049201008323B3 /* Info.plist */ = {isa = PBXFileReference; lastKnownFileType = text.plist.xml; path = Info.plist; sourceTree = "<group>"; };
		2865911121049201008323B3 /* DoJMAUITests.xctest */ = {isa = PBXFileReference; explicitFileType = wrapper.cfbundle; includeInIndex = 0; path = DoJMAUITests.xctest; sourceTree = BUILT_PRODUCTS_DIR; };
		2865911521049201008323B3 /* DoJMAUITests.swift */ = {isa = PBXFileReference; lastKnownFileType = sourcecode.swift; path = DoJMAUITests.swift; sourceTree = "<group>"; };
		2865911721049201008323B3 /* Info.plist */ = {isa = PBXFileReference; lastKnownFileType = text.plist.xml; path = Info.plist; sourceTree = "<group>"; };
		289D24FD2122B0C0006A9529 /* EventsViewController.swift */ = {isa = PBXFileReference; lastKnownFileType = sourcecode.swift; path = EventsViewController.swift; sourceTree = "<group>"; };
		2BE9B00D566A1F5D3020D3ED /* Pods_DoJMAUITests.framework */ = {isa = PBXFileReference; explicitFileType = wrapper.framework; includeInIndex = 0; path = Pods_DoJMAUITests.framework; sourceTree = BUILT_PRODUCTS_DIR; };
		568181897E620B717DA4449C /* Pods-DoJMA.release.xcconfig */ = {isa = PBXFileReference; includeInIndex = 1; lastKnownFileType = text.xcconfig; name = "Pods-DoJMA.release.xcconfig"; path = "Pods/Target Support Files/Pods-DoJMA/Pods-DoJMA.release.xcconfig"; sourceTree = "<group>"; };
		5C6280356641D6BF8080DE9A /* Pods_DoJMATests.framework */ = {isa = PBXFileReference; explicitFileType = wrapper.framework; includeInIndex = 0; path = Pods_DoJMATests.framework; sourceTree = BUILT_PRODUCTS_DIR; };
		8509AFBDEB2506085C607D1F /* Pods-DoJMAUITests.release.xcconfig */ = {isa = PBXFileReference; includeInIndex = 1; lastKnownFileType = text.xcconfig; name = "Pods-DoJMAUITests.release.xcconfig"; path = "Pods/Target Support Files/Pods-DoJMAUITests/Pods-DoJMAUITests.release.xcconfig"; sourceTree = "<group>"; };
		9400B2B06C3756C504085910 /* Pods-DoJMA.debug.xcconfig */ = {isa = PBXFileReference; includeInIndex = 1; lastKnownFileType = text.xcconfig; name = "Pods-DoJMA.debug.xcconfig"; path = "Pods/Target Support Files/Pods-DoJMA/Pods-DoJMA.debug.xcconfig"; sourceTree = "<group>"; };
		9CAF0A9EB2B4FA387AEBF54C /* Pods-DoJMATests.release.xcconfig */ = {isa = PBXFileReference; includeInIndex = 1; lastKnownFileType = text.xcconfig; name = "Pods-DoJMATests.release.xcconfig"; path = "Pods/Target Support Files/Pods-DoJMATests/Pods-DoJMATests.release.xcconfig"; sourceTree = "<group>"; };
		A5315211F0EC580F17BCCAB5 /* Pods-DoJMAUITests.debug.xcconfig */ = {isa = PBXFileReference; includeInIndex = 1; lastKnownFileType = text.xcconfig; name = "Pods-DoJMAUITests.debug.xcconfig"; path = "Pods/Target Support Files/Pods-DoJMAUITests/Pods-DoJMAUITests.debug.xcconfig"; sourceTree = "<group>"; };
		B75D9E3F68D745B31A7016A9 /* Pods-DoJMATests.debug.xcconfig */ = {isa = PBXFileReference; includeInIndex = 1; lastKnownFileType = text.xcconfig; name = "Pods-DoJMATests.debug.xcconfig"; path = "Pods/Target Support Files/Pods-DoJMATests/Pods-DoJMATests.debug.xcconfig"; sourceTree = "<group>"; };
		B9450062AA91B2A2253DDEC1 /* Pods_DoJMA.framework */ = {isa = PBXFileReference; explicitFileType = wrapper.framework; includeInIndex = 0; path = Pods_DoJMA.framework; sourceTree = BUILT_PRODUCTS_DIR; };
/* End PBXFileReference section */

/* Begin PBXFrameworksBuildPhase section */
		286590EF21049201008323B3 /* Frameworks */ = {
			isa = PBXFrameworksBuildPhase;
			buildActionMask = 2147483647;
			files = (
				8DE90B36F06A595DF47D5E06 /* Pods_DoJMA.framework in Frameworks */,
			);
			runOnlyForDeploymentPostprocessing = 0;
		};
		2865910321049201008323B3 /* Frameworks */ = {
			isa = PBXFrameworksBuildPhase;
			buildActionMask = 2147483647;
			files = (
				954D110875961D5534FE8C82 /* Pods_DoJMATests.framework in Frameworks */,
			);
			runOnlyForDeploymentPostprocessing = 0;
		};
		2865910E21049201008323B3 /* Frameworks */ = {
			isa = PBXFrameworksBuildPhase;
			buildActionMask = 2147483647;
			files = (
				3E1CCF04E72821827E89D587 /* Pods_DoJMAUITests.framework in Frameworks */,
			);
			runOnlyForDeploymentPostprocessing = 0;
		};
/* End PBXFrameworksBuildPhase section */

/* Begin PBXGroup section */
		286590E921049201008323B3 = {
			isa = PBXGroup;
			children = (
				286590F421049201008323B3 /* DoJMA */,
				2865910921049201008323B3 /* DoJMATests */,
				2865911421049201008323B3 /* DoJMAUITests */,
				286590F321049201008323B3 /* Products */,
				5CF6DDA41D90F86863B5F02A /* Pods */,
				D9D930DAC186BC69AF9E1D9C /* Frameworks */,
			);
			sourceTree = "<group>";
		};
		286590F321049201008323B3 /* Products */ = {
			isa = PBXGroup;
			children = (
				286590F221049201008323B3 /* DoJMA.app */,
				2865910621049201008323B3 /* DoJMATests.xctest */,
				2865911121049201008323B3 /* DoJMAUITests.xctest */,
			);
			name = Products;
			sourceTree = "<group>";
		};
		286590F421049201008323B3 /* DoJMA */ = {
			isa = PBXGroup;
			children = (
				286590F521049201008323B3 /* AppDelegate.swift */,
				286590F721049201008323B3 /* LaunchScreenViewController.swift */,
				289D24FD2122B0C0006A9529 /* EventsViewController.swift */,
				286590F921049201008323B3 /* Main.storyboard */,
				286590FC21049201008323B3 /* Assets.xcassets */,
				286590FE21049201008323B3 /* LaunchScreen.storyboard */,
				2865910121049201008323B3 /* Info.plist */,
			);
			path = DoJMA;
			sourceTree = "<group>";
		};
		2865910921049201008323B3 /* DoJMATests */ = {
			isa = PBXGroup;
			children = (
				2865910A21049201008323B3 /* DoJMATests.swift */,
				2865910C21049201008323B3 /* Info.plist */,
			);
			path = DoJMATests;
			sourceTree = "<group>";
		};
		2865911421049201008323B3 /* DoJMAUITests */ = {
			isa = PBXGroup;
			children = (
				2865911521049201008323B3 /* DoJMAUITests.swift */,
				2865911721049201008323B3 /* Info.plist */,
			);
			path = DoJMAUITests;
			sourceTree = "<group>";
		};
		5CF6DDA41D90F86863B5F02A /* Pods */ = {
			isa = PBXGroup;
			children = (
				9400B2B06C3756C504085910 /* Pods-DoJMA.debug.xcconfig */,
				568181897E620B717DA4449C /* Pods-DoJMA.release.xcconfig */,
				B75D9E3F68D745B31A7016A9 /* Pods-DoJMATests.debug.xcconfig */,
				9CAF0A9EB2B4FA387AEBF54C /* Pods-DoJMATests.release.xcconfig */,
				A5315211F0EC580F17BCCAB5 /* Pods-DoJMAUITests.debug.xcconfig */,
				8509AFBDEB2506085C607D1F /* Pods-DoJMAUITests.release.xcconfig */,
			);
			name = Pods;
			sourceTree = "<group>";
		};
		D9D930DAC186BC69AF9E1D9C /* Frameworks */ = {
			isa = PBXGroup;
			children = (
				B9450062AA91B2A2253DDEC1 /* Pods_DoJMA.framework */,
				5C6280356641D6BF8080DE9A /* Pods_DoJMATests.framework */,
				2BE9B00D566A1F5D3020D3ED /* Pods_DoJMAUITests.framework */,
			);
			name = Frameworks;
			sourceTree = "<group>";
		};
/* End PBXGroup section */

/* Begin PBXNativeTarget section */
		286590F121049201008323B3 /* DoJMA */ = {
			isa = PBXNativeTarget;
			buildConfigurationList = 2865911A21049201008323B3 /* Build configuration list for PBXNativeTarget "DoJMA" */;
			buildPhases = (
				AA87B99869A713B70E0F74A6 /* [CP] Check Pods Manifest.lock */,
				286590EE21049201008323B3 /* Sources */,
				286590EF21049201008323B3 /* Frameworks */,
				286590F021049201008323B3 /* Resources */,
				F0CA92EF1D3D25E1DEDFDDA4 /* [CP] Embed Pods Frameworks */,
			);
			buildRules = (
			);
			dependencies = (
			);
			name = DoJMA;
			productName = DoJMA;
			productReference = 286590F221049201008323B3 /* DoJMA.app */;
			productType = "com.apple.product-type.application";
		};
		2865910521049201008323B3 /* DoJMATests */ = {
			isa = PBXNativeTarget;
			buildConfigurationList = 2865911D21049201008323B3 /* Build configuration list for PBXNativeTarget "DoJMATests" */;
			buildPhases = (
				5BEFD2748838AB5308C4A2D6 /* [CP] Check Pods Manifest.lock */,
				2865910221049201008323B3 /* Sources */,
				2865910321049201008323B3 /* Frameworks */,
				2865910421049201008323B3 /* Resources */,
			);
			buildRules = (
			);
			dependencies = (
				2865910821049201008323B3 /* PBXTargetDependency */,
			);
			name = DoJMATests;
			productName = DoJMATests;
			productReference = 2865910621049201008323B3 /* DoJMATests.xctest */;
			productType = "com.apple.product-type.bundle.unit-test";
		};
		2865911021049201008323B3 /* DoJMAUITests */ = {
			isa = PBXNativeTarget;
			buildConfigurationList = 2865912021049201008323B3 /* Build configuration list for PBXNativeTarget "DoJMAUITests" */;
			buildPhases = (
				C8F3FADD5629E25B6DFF783B /* [CP] Check Pods Manifest.lock */,
				2865910D21049201008323B3 /* Sources */,
				2865910E21049201008323B3 /* Frameworks */,
				2865910F21049201008323B3 /* Resources */,
			);
			buildRules = (
			);
			dependencies = (
				2865911321049201008323B3 /* PBXTargetDependency */,
			);
			name = DoJMAUITests;
			productName = DoJMAUITests;
			productReference = 2865911121049201008323B3 /* DoJMAUITests.xctest */;
			productType = "com.apple.product-type.bundle.ui-testing";
		};
/* End PBXNativeTarget section */

/* Begin PBXProject section */
		286590EA21049201008323B3 /* Project object */ = {
			isa = PBXProject;
			attributes = {
				LastSwiftUpdateCheck = 0940;
				LastUpgradeCheck = 0940;
				ORGANIZATIONNAME = MAC;
				TargetAttributes = {
					286590F121049201008323B3 = {
						CreatedOnToolsVersion = 9.4.1;
					};
					2865910521049201008323B3 = {
						CreatedOnToolsVersion = 9.4.1;
						TestTargetID = 286590F121049201008323B3;
					};
					2865911021049201008323B3 = {
						CreatedOnToolsVersion = 9.4.1;
						TestTargetID = 286590F121049201008323B3;
					};
				};
			};
			buildConfigurationList = 286590ED21049201008323B3 /* Build configuration list for PBXProject "DoJMA" */;
			compatibilityVersion = "Xcode 9.3";
			developmentRegion = en;
			hasScannedForEncodings = 0;
			knownRegions = (
				en,
				Base,
			);
			mainGroup = 286590E921049201008323B3;
			productRefGroup = 286590F321049201008323B3 /* Products */;
			projectDirPath = "";
			projectRoot = "";
			targets = (
				286590F121049201008323B3 /* DoJMA */,
				2865910521049201008323B3 /* DoJMATests */,
				2865911021049201008323B3 /* DoJMAUITests */,
			);
		};
/* End PBXProject section */

/* Begin PBXResourcesBuildPhase section */
		286590F021049201008323B3 /* Resources */ = {
			isa = PBXResourcesBuildPhase;
			buildActionMask = 2147483647;
			files = (
				2865910021049201008323B3 /* LaunchScreen.storyboard in Resources */,
				286590FD21049201008323B3 /* Assets.xcassets in Resources */,
				286590FB21049201008323B3 /* Main.storyboard in Resources */,
			);
			runOnlyForDeploymentPostprocessing = 0;
		};
		2865910421049201008323B3 /* Resources */ = {
			isa = PBXResourcesBuildPhase;
			buildActionMask = 2147483647;
			files = (
			);
			runOnlyForDeploymentPostprocessing = 0;
		};
		2865910F21049201008323B3 /* Resources */ = {
			isa = PBXResourcesBuildPhase;
			buildActionMask = 2147483647;
			files = (
			);
			runOnlyForDeploymentPostprocessing = 0;
		};
/* End PBXResourcesBuildPhase section */

/* Begin PBXShellScriptBuildPhase section */
		5BEFD2748838AB5308C4A2D6 /* [CP] Check Pods Manifest.lock */ = {
			isa = PBXShellScriptBuildPhase;
			buildActionMask = 2147483647;
			files = (
			);
			inputPaths = (
				"${PODS_PODFILE_DIR_PATH}/Podfile.lock",
				"${PODS_ROOT}/Manifest.lock",
			);
			name = "[CP] Check Pods Manifest.lock";
			outputPaths = (
				"$(DERIVED_FILE_DIR)/Pods-DoJMATests-checkManifestLockResult.txt",
			);
			runOnlyForDeploymentPostprocessing = 0;
			shellPath = /bin/sh;
			shellScript = "diff \"${PODS_PODFILE_DIR_PATH}/Podfile.lock\" \"${PODS_ROOT}/Manifest.lock\" > /dev/null\nif [ $? != 0 ] ; then\n    # print error to STDERR\n    echo \"error: The sandbox is not in sync with the Podfile.lock. Run 'pod install' or update your CocoaPods installation.\" >&2\n    exit 1\nfi\n# This output is used by Xcode 'outputs' to avoid re-running this script phase.\necho \"SUCCESS\" > \"${SCRIPT_OUTPUT_FILE_0}\"\n";
			showEnvVarsInLog = 0;
		};
		AA87B99869A713B70E0F74A6 /* [CP] Check Pods Manifest.lock */ = {
			isa = PBXShellScriptBuildPhase;
			buildActionMask = 2147483647;
			files = (
			);
			inputPaths = (
				"${PODS_PODFILE_DIR_PATH}/Podfile.lock",
				"${PODS_ROOT}/Manifest.lock",
			);
			name = "[CP] Check Pods Manifest.lock";
			outputPaths = (
				"$(DERIVED_FILE_DIR)/Pods-DoJMA-checkManifestLockResult.txt",
			);
			runOnlyForDeploymentPostprocessing = 0;
			shellPath = /bin/sh;
			shellScript = "diff \"${PODS_PODFILE_DIR_PATH}/Podfile.lock\" \"${PODS_ROOT}/Manifest.lock\" > /dev/null\nif [ $? != 0 ] ; then\n    # print error to STDERR\n    echo \"error: The sandbox is not in sync with the Podfile.lock. Run 'pod install' or update your CocoaPods installation.\" >&2\n    exit 1\nfi\n# This output is used by Xcode 'outputs' to avoid re-running this script phase.\necho \"SUCCESS\" > \"${SCRIPT_OUTPUT_FILE_0}\"\n";
			showEnvVarsInLog = 0;
		};
		C8F3FADD5629E25B6DFF783B /* [CP] Check Pods Manifest.lock */ = {
			isa = PBXShellScriptBuildPhase;
			buildActionMask = 2147483647;
			files = (
			);
			inputPaths = (
				"${PODS_PODFILE_DIR_PATH}/Podfile.lock",
				"${PODS_ROOT}/Manifest.lock",
			);
			name = "[CP] Check Pods Manifest.lock";
			outputPaths = (
				"$(DERIVED_FILE_DIR)/Pods-DoJMAUITests-checkManifestLockResult.txt",
			);
			runOnlyForDeploymentPostprocessing = 0;
			shellPath = /bin/sh;
			shellScript = "diff \"${PODS_PODFILE_DIR_PATH}/Podfile.lock\" \"${PODS_ROOT}/Manifest.lock\" > /dev/null\nif [ $? != 0 ] ; then\n    # print error to STDERR\n    echo \"error: The sandbox is not in sync with the Podfile.lock. Run 'pod install' or update your CocoaPods installation.\" >&2\n    exit 1\nfi\n# This output is used by Xcode 'outputs' to avoid re-running this script phase.\necho \"SUCCESS\" > \"${SCRIPT_OUTPUT_FILE_0}\"\n";
			showEnvVarsInLog = 0;
		};
		F0CA92EF1D3D25E1DEDFDDA4 /* [CP] Embed Pods Frameworks */ = {
			isa = PBXShellScriptBuildPhase;
			buildActionMask = 2147483647;
			files = (
			);
			inputPaths = (
				"${SRCROOT}/Pods/Target Support Files/Pods-DoJMA/Pods-DoJMA-frameworks.sh",
				"${BUILT_PRODUCTS_DIR}/ISTimeline/ISTimeline.framework",
			);
			name = "[CP] Embed Pods Frameworks";
			outputPaths = (
				"${TARGET_BUILD_DIR}/${FRAMEWORKS_FOLDER_PATH}/ISTimeline.framework",
			);
			runOnlyForDeploymentPostprocessing = 0;
			shellPath = /bin/sh;
			shellScript = "\"${SRCROOT}/Pods/Target Support Files/Pods-DoJMA/Pods-DoJMA-frameworks.sh\"\n";
			showEnvVarsInLog = 0;
		};
/* End PBXShellScriptBuildPhase section */

/* Begin PBXSourcesBuildPhase section */
		286590EE21049201008323B3 /* Sources */ = {
			isa = PBXSourcesBuildPhase;
			buildActionMask = 2147483647;
			files = (
				286590F821049201008323B3 /* LaunchScreenViewController.swift in Sources */,
				286590F621049201008323B3 /* AppDelegate.swift in Sources */,
				289D24FE2122B0C0006A9529 /* EventsViewController.swift in Sources */,
			);
			runOnlyForDeploymentPostprocessing = 0;
		};
		2865910221049201008323B3 /* Sources */ = {
			isa = PBXSourcesBuildPhase;
			buildActionMask = 2147483647;
			files = (
				2865910B21049201008323B3 /* DoJMATests.swift in Sources */,
			);
			runOnlyForDeploymentPostprocessing = 0;
		};
		2865910D21049201008323B3 /* Sources */ = {
			isa = PBXSourcesBuildPhase;
			buildActionMask = 2147483647;
			files = (
				2865911621049201008323B3 /* DoJMAUITests.swift in Sources */,
			);
			runOnlyForDeploymentPostprocessing = 0;
		};
/* End PBXSourcesBuildPhase section */

/* Begin PBXTargetDependency section */
		2865910821049201008323B3 /* PBXTargetDependency */ = {
			isa = PBXTargetDependency;
			target = 286590F121049201008323B3 /* DoJMA */;
			targetProxy = 2865910721049201008323B3 /* PBXContainerItemProxy */;
		};
		2865911321049201008323B3 /* PBXTargetDependency */ = {
			isa = PBXTargetDependency;
			target = 286590F121049201008323B3 /* DoJMA */;
			targetProxy = 2865911221049201008323B3 /* PBXContainerItemProxy */;
		};
/* End PBXTargetDependency section */

/* Begin PBXVariantGroup section */
		286590F921049201008323B3 /* Main.storyboard */ = {
			isa = PBXVariantGroup;
			children = (
				286590FA21049201008323B3 /* Base */,
			);
			name = Main.storyboard;
			sourceTree = "<group>";
		};
		286590FE21049201008323B3 /* LaunchScreen.storyboard */ = {
			isa = PBXVariantGroup;
			children = (
				286590FF21049201008323B3 /* Base */,
			);
			name = LaunchScreen.storyboard;
			sourceTree = "<group>";
		};
/* End PBXVariantGroup section */

/* Begin XCBuildConfiguration section */
		2865911821049201008323B3 /* Debug */ = {
			isa = XCBuildConfiguration;
			buildSettings = {
				ALWAYS_SEARCH_USER_PATHS = NO;
				CLANG_ANALYZER_NONNULL = YES;
				CLANG_ANALYZER_NUMBER_OBJECT_CONVERSION = YES_AGGRESSIVE;
				CLANG_CXX_LANGUAGE_STANDARD = "gnu++14";
				CLANG_CXX_LIBRARY = "libc++";
				CLANG_ENABLE_MODULES = YES;
				CLANG_ENABLE_OBJC_ARC = YES;
				CLANG_ENABLE_OBJC_WEAK = YES;
				CLANG_WARN_BLOCK_CAPTURE_AUTORELEASING = YES;
				CLANG_WARN_BOOL_CONVERSION = YES;
				CLANG_WARN_COMMA = YES;
				CLANG_WARN_CONSTANT_CONVERSION = YES;
				CLANG_WARN_DEPRECATED_OBJC_IMPLEMENTATIONS = YES;
				CLANG_WARN_DIRECT_OBJC_ISA_USAGE = YES_ERROR;
				CLANG_WARN_DOCUMENTATION_COMMENTS = YES;
				CLANG_WARN_EMPTY_BODY = YES;
				CLANG_WARN_ENUM_CONVERSION = YES;
				CLANG_WARN_INFINITE_RECURSION = YES;
				CLANG_WARN_INT_CONVERSION = YES;
				CLANG_WARN_NON_LITERAL_NULL_CONVERSION = YES;
				CLANG_WARN_OBJC_IMPLICIT_RETAIN_SELF = YES;
				CLANG_WARN_OBJC_LITERAL_CONVERSION = YES;
				CLANG_WARN_OBJC_ROOT_CLASS = YES_ERROR;
				CLANG_WARN_RANGE_LOOP_ANALYSIS = YES;
				CLANG_WARN_STRICT_PROTOTYPES = YES;
				CLANG_WARN_SUSPICIOUS_MOVE = YES;
				CLANG_WARN_UNGUARDED_AVAILABILITY = YES_AGGRESSIVE;
				CLANG_WARN_UNREACHABLE_CODE = YES;
				CLANG_WARN__DUPLICATE_METHOD_MATCH = YES;
				CODE_SIGN_IDENTITY = "iPhone Developer";
				COPY_PHASE_STRIP = NO;
				DEBUG_INFORMATION_FORMAT = dwarf;
				ENABLE_STRICT_OBJC_MSGSEND = YES;
				ENABLE_TESTABILITY = YES;
				GCC_C_LANGUAGE_STANDARD = gnu11;
				GCC_DYNAMIC_NO_PIC = NO;
				GCC_NO_COMMON_BLOCKS = YES;
				GCC_OPTIMIZATION_LEVEL = 0;
				GCC_PREPROCESSOR_DEFINITIONS = (
					"DEBUG=1",
					"$(inherited)",
				);
				GCC_WARN_64_TO_32_BIT_CONVERSION = YES;
				GCC_WARN_ABOUT_RETURN_TYPE = YES_ERROR;
				GCC_WARN_UNDECLARED_SELECTOR = YES;
				GCC_WARN_UNINITIALIZED_AUTOS = YES_AGGRESSIVE;
				GCC_WARN_UNUSED_FUNCTION = YES;
				GCC_WARN_UNUSED_VARIABLE = YES;
				IPHONEOS_DEPLOYMENT_TARGET = 11.4;
				MTL_ENABLE_DEBUG_INFO = YES;
				ONLY_ACTIVE_ARCH = YES;
				SDKROOT = iphoneos;
				SWIFT_ACTIVE_COMPILATION_CONDITIONS = DEBUG;
				SWIFT_OPTIMIZATION_LEVEL = "-Onone";
			};
			name = Debug;
		};
		2865911921049201008323B3 /* Release */ = {
			isa = XCBuildConfiguration;
			buildSettings = {
				ALWAYS_SEARCH_USER_PATHS = NO;
				CLANG_ANALYZER_NONNULL = YES;
				CLANG_ANALYZER_NUMBER_OBJECT_CONVERSION = YES_AGGRESSIVE;
				CLANG_CXX_LANGUAGE_STANDARD = "gnu++14";
				CLANG_CXX_LIBRARY = "libc++";
				CLANG_ENABLE_MODULES = YES;
				CLANG_ENABLE_OBJC_ARC = YES;
				CLANG_ENABLE_OBJC_WEAK = YES;
				CLANG_WARN_BLOCK_CAPTURE_AUTORELEASING = YES;
				CLANG_WARN_BOOL_CONVERSION = YES;
				CLANG_WARN_COMMA = YES;
				CLANG_WARN_CONSTANT_CONVERSION = YES;
				CLANG_WARN_DEPRECATED_OBJC_IMPLEMENTATIONS = YES;
				CLANG_WARN_DIRECT_OBJC_ISA_USAGE = YES_ERROR;
				CLANG_WARN_DOCUMENTATION_COMMENTS = YES;
				CLANG_WARN_EMPTY_BODY = YES;
				CLANG_WARN_ENUM_CONVERSION = YES;
				CLANG_WARN_INFINITE_RECURSION = YES;
				CLANG_WARN_INT_CONVERSION = YES;
				CLANG_WARN_NON_LITERAL_NULL_CONVERSION = YES;
				CLANG_WARN_OBJC_IMPLICIT_RETAIN_SELF = YES;
				CLANG_WARN_OBJC_LITERAL_CONVERSION = YES;
				CLANG_WARN_OBJC_ROOT_CLASS = YES_ERROR;
				CLANG_WARN_RANGE_LOOP_ANALYSIS = YES;
				CLANG_WARN_STRICT_PROTOTYPES = YES;
				CLANG_WARN_SUSPICIOUS_MOVE = YES;
				CLANG_WARN_UNGUARDED_AVAILABILITY = YES_AGGRESSIVE;
				CLANG_WARN_UNREACHABLE_CODE = YES;
				CLANG_WARN__DUPLICATE_METHOD_MATCH = YES;
				CODE_SIGN_IDENTITY = "iPhone Developer";
				COPY_PHASE_STRIP = NO;
				DEBUG_INFORMATION_FORMAT = "dwarf-with-dsym";
				ENABLE_NS_ASSERTIONS = NO;
				ENABLE_STRICT_OBJC_MSGSEND = YES;
				GCC_C_LANGUAGE_STANDARD = gnu11;
				GCC_NO_COMMON_BLOCKS = YES;
				GCC_WARN_64_TO_32_BIT_CONVERSION = YES;
				GCC_WARN_ABOUT_RETURN_TYPE = YES_ERROR;
				GCC_WARN_UNDECLARED_SELECTOR = YES;
				GCC_WARN_UNINITIALIZED_AUTOS = YES_AGGRESSIVE;
				GCC_WARN_UNUSED_FUNCTION = YES;
				GCC_WARN_UNUSED_VARIABLE = YES;
				IPHONEOS_DEPLOYMENT_TARGET = 11.4;
				MTL_ENABLE_DEBUG_INFO = NO;
				SDKROOT = iphoneos;
				SWIFT_COMPILATION_MODE = wholemodule;
				SWIFT_OPTIMIZATION_LEVEL = "-O";
				VALIDATE_PRODUCT = YES;
			};
			name = Release;
		};
		2865911B21049201008323B3 /* Debug */ = {
			isa = XCBuildConfiguration;
			baseConfigurationReference = 9400B2B06C3756C504085910 /* Pods-DoJMA.debug.xcconfig */;
			buildSettings = {
				ASSETCATALOG_COMPILER_APPICON_NAME = AppIcon;
				CODE_SIGN_STYLE = Automatic;
				DEVELOPMENT_TEAM = 57R6YAVY9K;
				INFOPLIST_FILE = DoJMA/Info.plist;
				LD_RUNPATH_SEARCH_PATHS = (
					"$(inherited)",
					"@executable_path/Frameworks",
				);
				PRODUCT_BUNDLE_IDENTIFIER = MAC.DoJMA;
				PRODUCT_NAME = "$(TARGET_NAME)";
				SWIFT_VERSION = 4.0;
				TARGETED_DEVICE_FAMILY = "1,2";
			};
			name = Debug;
		};
		2865911C21049201008323B3 /* Release */ = {
			isa = XCBuildConfiguration;
			baseConfigurationReference = 568181897E620B717DA4449C /* Pods-DoJMA.release.xcconfig */;
			buildSettings = {
				ASSETCATALOG_COMPILER_APPICON_NAME = AppIcon;
				CODE_SIGN_STYLE = Automatic;
				DEVELOPMENT_TEAM = 57R6YAVY9K;
				INFOPLIST_FILE = DoJMA/Info.plist;
				LD_RUNPATH_SEARCH_PATHS = (
					"$(inherited)",
					"@executable_path/Frameworks",
				);
				PRODUCT_BUNDLE_IDENTIFIER = MAC.DoJMA;
				PRODUCT_NAME = "$(TARGET_NAME)";
				SWIFT_VERSION = 4.0;
				TARGETED_DEVICE_FAMILY = "1,2";
			};
			name = Release;
		};
		2865911E21049201008323B3 /* Debug */ = {
			isa = XCBuildConfiguration;
			baseConfigurationReference = B75D9E3F68D745B31A7016A9 /* Pods-DoJMATests.debug.xcconfig */;
			buildSettings = {
				ALWAYS_EMBED_SWIFT_STANDARD_LIBRARIES = YES;
				BUNDLE_LOADER = "$(TEST_HOST)";
				CODE_SIGN_STYLE = Automatic;
				DEVELOPMENT_TEAM = 57R6YAVY9K;
				INFOPLIST_FILE = DoJMATests/Info.plist;
				LD_RUNPATH_SEARCH_PATHS = (
					"$(inherited)",
					"@executable_path/Frameworks",
					"@loader_path/Frameworks",
				);
				PRODUCT_BUNDLE_IDENTIFIER = MAC.DoJMATests;
				PRODUCT_NAME = "$(TARGET_NAME)";
				SWIFT_VERSION = 4.0;
				TARGETED_DEVICE_FAMILY = "1,2";
				TEST_HOST = "$(BUILT_PRODUCTS_DIR)/DoJMA.app/DoJMA";
			};
			name = Debug;
		};
		2865911F21049201008323B3 /* Release */ = {
			isa = XCBuildConfiguration;
			baseConfigurationReference = 9CAF0A9EB2B4FA387AEBF54C /* Pods-DoJMATests.release.xcconfig */;
			buildSettings = {
				ALWAYS_EMBED_SWIFT_STANDARD_LIBRARIES = YES;
				BUNDLE_LOADER = "$(TEST_HOST)";
				CODE_SIGN_STYLE = Automatic;
				DEVELOPMENT_TEAM = 57R6YAVY9K;
				INFOPLIST_FILE = DoJMATests/Info.plist;
				LD_RUNPATH_SEARCH_PATHS = (
					"$(inherited)",
					"@executable_path/Frameworks",
					"@loader_path/Frameworks",
				);
				PRODUCT_BUNDLE_IDENTIFIER = MAC.DoJMATests;
				PRODUCT_NAME = "$(TARGET_NAME)";
				SWIFT_VERSION = 4.0;
				TARGETED_DEVICE_FAMILY = "1,2";
				TEST_HOST = "$(BUILT_PRODUCTS_DIR)/DoJMA.app/DoJMA";
			};
			name = Release;
		};
		2865912121049201008323B3 /* Debug */ = {
			isa = XCBuildConfiguration;
			baseConfigurationReference = A5315211F0EC580F17BCCAB5 /* Pods-DoJMAUITests.debug.xcconfig */;
			buildSettings = {
				ALWAYS_EMBED_SWIFT_STANDARD_LIBRARIES = YES;
				CODE_SIGN_STYLE = Automatic;
				DEVELOPMENT_TEAM = 57R6YAVY9K;
				INFOPLIST_FILE = DoJMAUITests/Info.plist;
				LD_RUNPATH_SEARCH_PATHS = (
					"$(inherited)",
					"@executable_path/Frameworks",
					"@loader_path/Frameworks",
				);
				PRODUCT_BUNDLE_IDENTIFIER = MAC.DoJMAUITests;
				PRODUCT_NAME = "$(TARGET_NAME)";
				SWIFT_VERSION = 4.0;
				TARGETED_DEVICE_FAMILY = "1,2";
				TEST_TARGET_NAME = DoJMA;
			};
			name = Debug;
		};
		2865912221049201008323B3 /* Release */ = {
			isa = XCBuildConfiguration;
			baseConfigurationReference = 8509AFBDEB2506085C607D1F /* Pods-DoJMAUITests.release.xcconfig */;
			buildSettings = {
				ALWAYS_EMBED_SWIFT_STANDARD_LIBRARIES = YES;
				CODE_SIGN_STYLE = Automatic;
				DEVELOPMENT_TEAM = 57R6YAVY9K;
				INFOPLIST_FILE = DoJMAUITests/Info.plist;
				LD_RUNPATH_SEARCH_PATHS = (
					"$(inherited)",
					"@executable_path/Frameworks",
					"@loader_path/Frameworks",
				);
				PRODUCT_BUNDLE_IDENTIFIER = MAC.DoJMAUITests;
				PRODUCT_NAME = "$(TARGET_NAME)";
				SWIFT_VERSION = 4.0;
				TARGETED_DEVICE_FAMILY = "1,2";
				TEST_TARGET_NAME = DoJMA;
			};
			name = Release;
		};
/* End XCBuildConfiguration section */

/* Begin XCConfigurationList section */
		286590ED21049201008323B3 /* Build configuration list for PBXProject "DoJMA" */ = {
			isa = XCConfigurationList;
			buildConfigurations = (
				2865911821049201008323B3 /* Debug */,
				2865911921049201008323B3 /* Release */,
			);
			defaultConfigurationIsVisible = 0;
			defaultConfigurationName = Release;
		};
		2865911A21049201008323B3 /* Build configuration list for PBXNativeTarget "DoJMA" */ = {
			isa = XCConfigurationList;
			buildConfigurations = (
				2865911B21049201008323B3 /* Debug */,
				2865911C21049201008323B3 /* Release */,
			);
			defaultConfigurationIsVisible = 0;
			defaultConfigurationName = Release;
		};
		2865911D21049201008323B3 /* Build configuration list for PBXNativeTarget "DoJMATests" */ = {
			isa = XCConfigurationList;
			buildConfigurations = (
				2865911E21049201008323B3 /* Debug */,
				2865911F21049201008323B3 /* Release */,
			);
			defaultConfigurationIsVisible = 0;
			defaultConfigurationName = Release;
		};
		2865912021049201008323B3 /* Build configuration list for PBXNativeTarget "DoJMAUITests" */ = {
			isa = XCConfigurationList;
			buildConfigurations = (
				2865912121049201008323B3 /* Debug */,
				2865912221049201008323B3 /* Release */,
			);
			defaultConfigurationIsVisible = 0;
			defaultConfigurationName = Release;
		};
/* End XCConfigurationList section */
	};
	rootObject = 286590EA21049201008323B3 /* Project object */;
}
